
Microsoft Visual Studio Solution File, Format Version 12.00
# Visual Studio Version 17
VisualStudioVersion = 17.4.33213.308
MinimumVisualStudioVersion = 10.0.40219.1
Project("{9A19103F-16F7-4668-BE54-9A1E7A4F7556}") = "XamLegacyExample.Android", "XamLegacyExample\XamLegacyExample.Android\XamLegacyExample.Android.csproj", "{96B34E29-F248-42D2-BE78-84E994A06040}"
EndProject
Project("{9A19103F-16F7-4668-BE54-9A1E7A4F7556}") = "XamLegacyExample.iOS", "XamLegacyExample\XamLegacyExample.iOS\XamLegacyExample.iOS.csproj", "{481A90DF-1C2D-4AAD-8EF1-9D05A80653AA}"
EndProject
Project("{9A19103F-16F7-4668-BE54-9A1E7A4F7556}") = "XamLegacyExample", "XamLegacyExample\XamLegacyExample\XamLegacyExample.csproj", "{C000AA8C-68B1-43F7-BBFE-C5CFD7432633}"
EndProject
Global
	GlobalSection(SolutionConfigurationPlatforms) = preSolution
		Debug|Any CPU = Debug|Any CPU
		Release|Any CPU = Release|Any CPU
	EndGlobalSection
	GlobalSection(ProjectConfigurationPlatforms) = postSolution
		{96B34E29-F248-42D2-BE78-84E994A06040}.Debug|Any CPU.ActiveCfg = Debug|Any CPU
		{96B34E29-F248-42D2-BE78-84E994A06040}.Debug|Any CPU.Build.0 = Debug|Any CPU
		{96B34E29-F248-42D2-BE78-84E994A06040}.Debug|Any CPU.Deploy.0 = Debug|Any CPU
		{96B34E29-F248-42D2-BE78-84E994A06040}.Release|Any CPU.ActiveCfg = Release|Any CPU
		{96B34E29-F248-42D2-BE78-84E994A06040}.Release|Any CPU.Build.0 = Release|Any CPU
		{481A90DF-1C2D-4AAD-8EF1-9D05A80653AA}.Debug|Any CPU.ActiveCfg = Debug|Any CPU
		{481A90DF-1C2D-4AAD-8EF1-9D05A80653AA}.Debug|Any CPU.Build.0 = Debug|Any CPU
		{481A90DF-1C2D-4AAD-8EF1-9D05A80653AA}.Debug|Any CPU.Deploy.0 = Debug|Any CPU
		{481A90DF-1C2D-4AAD-8EF1-9D05A80653AA}.Release|Any CPU.ActiveCfg = Release|Any CPU
		{481A90DF-1C2D-4AAD-8EF1-9D05A80653AA}.Release|Any CPU.Build.0 = Release|Any CPU
		{C000AA8C-68B1-43F7-BBFE-C5CFD7432633}.Debug|Any CPU.ActiveCfg = Debug|Any CPU
		{C000AA8C-68B1-43F7-BBFE-C5CFD7432633}.Debug|Any CPU.Build.0 = Debug|Any CPU
		{C000AA8C-68B1-43F7-BBFE-C5CFD7432633}.Release|Any CPU.ActiveCfg = Release|Any CPU
		{C000AA8C-68B1-43F7-BBFE-C5CFD7432633}.Release|Any CPU.Build.0 = Release|Any CPU
	EndGlobalSection
	GlobalSection(SolutionProperties) = preSolution
		HideSolutionNode = FALSE
	EndGlobalSection
	GlobalSection(ExtensibilityGlobals) = postSolution
		SolutionGuid = {0065DDA7-1A74-41D5-9CBC-C8A37C054A12}
	EndGlobalSection
EndGlobal
